
Microsoft Visual Studio Solution File, Format Version 12.00
# Visual Studio Version 16
VisualStudioVersion = 16.0.29009.5
MinimumVisualStudioVersion = 10.0.40219.1
Project("{9A19103F-16F7-4668-BE54-9A1E7A4F7556}") = "PPChat", "PPChat.csproj", "{97F86421-BF81-41FE-868F-2FD7436C6F93}"
EndProject
Global
	GlobalSection(SolutionConfigurationPlatforms) = preSolution
		Debug|Any CPU = Debug|Any CPU
		Release|Any CPU = Release|Any CPU
	EndGlobalSection
	GlobalSection(ProjectConfigurationPlatforms) = postSolution
		{97F86421-BF81-41FE-868F-2FD7436C6F93}.Debug|Any CPU.ActiveCfg = Debug|Any CPU
		{97F86421-BF81-41FE-868F-2FD7436C6F93}.Debug|Any CPU.Build.0 = Debug|Any CPU
		{97F86421-BF81-41FE-868F-2FD7436C6F93}.Release|Any CPU.ActiveCfg = Release|Any CPU
		{97F86421-BF81-41FE-868F-2FD7436C6F93}.Release|Any CPU.Build.0 = Release|Any CPU
	EndGlobalSection
	GlobalSection(SolutionProperties) = preSolution
		HideSolutionNode = FALSE
	EndGlobalSection
	GlobalSection(ExtensibilityGlobals) = postSolution
		SolutionGuid = {162C1B27-0130-4382-8D4F-B06BAABFA626}
	EndGlobalSection
EndGlobal
